Microsoft Visual Studio Solution File, Format Version 11.00
# Visual Studio 2008

Project("{20AF33E5-DB77-06B3-7B47-84ADBDBAFDDB}") = "ConstrctionMngVR", "Assembly-CSharp.csproj", "{810F8BD3-FA69-A5A6-1DCC-E28E7FA89C48}"
EndProject
Global
	GlobalSection(SolutionConfigurationPlatforms) = preSolution
		Debug|Any CPU = Debug|Any CPU
		Release|Any CPU = Release|Any CPU
	EndGlobalSection
	GlobalSection(ProjectConfigurationPlatforms) = postSolution
		{810F8BD3-FA69-A5A6-1DCC-E28E7FA89C48}.Debug|Any CPU.ActiveCfg = Debug|Any CPU
		{810F8BD3-FA69-A5A6-1DCC-E28E7FA89C48}.Debug|Any CPU.Build.0 = Debug|Any CPU
		{810F8BD3-FA69-A5A6-1DCC-E28E7FA89C48}.Release|Any CPU.ActiveCfg = Release|Any CPU
		{810F8BD3-FA69-A5A6-1DCC-E28E7FA89C48}.Release|Any CPU.Build.0 = Release|Any CPU
	EndGlobalSection
	GlobalSection(SolutionProperties) = preSolution
		HideSolutionNode = FALSE
	EndGlobalSection
	GlobalSection(MonoDevelopProperties) = preSolution
		StartupItem = Assembly-CSharp.csproj
	EndGlobalSection
EndGlobal
